// !$*UTF8*$!
{
	archiveVersion = 1;
	classes = {
	};
	objectVersion = 48;
	objects = {

/* Begin PBXBuildFile section */
		DA04294C2042C83000642843 /* SendViewController.swift in Sources */ = {isa = PBXBuildFile; fileRef = DA04294B2042C83000642843 /* SendViewController.swift */; };
		DA04294E2042E7E300642843 /* OverviewViewController.swift in Sources */ = {isa = PBXBuildFile; fileRef = DA04294D2042E7E300642843 /* OverviewViewController.swift */; };
		DA0429502042E81400642843 /* TransactionTableViewController.swift in Sources */ = {isa = PBXBuildFile; fileRef = DA04294F2042E81400642843 /* TransactionTableViewController.swift */; };
		DA0429522042E91600642843 /* ReceiveViewController.swift in Sources */ = {isa = PBXBuildFile; fileRef = DA0429512042E91600642843 /* ReceiveViewController.swift */; };
		DA119BF4205D43E1009DBBBF /* TransactionDetailsViewController.swift in Sources */ = {isa = PBXBuildFile; fileRef = DA119BF3205D43E1009DBBBF /* TransactionDetailsViewController.swift */; };
		DA1663F42045498B005AACED /* SignUpViewcontroller+QuestionTableView.swift in Sources */ = {isa = PBXBuildFile; fileRef = DA1663F32045498B005AACED /* SignUpViewcontroller+QuestionTableView.swift */; };
		DA22D9FA2053DC6800702B3C /* ResetPincodeViewController.swift in Sources */ = {isa = PBXBuildFile; fileRef = DA22D9F82053DC6800702B3C /* ResetPincodeViewController.swift */; };
		DA22D9FB2053DC6800702B3C /* ResetPincodeViewController.xib in Resources */ = {isa = PBXBuildFile; fileRef = DA22D9F92053DC6800702B3C /* ResetPincodeViewController.xib */; };
		DA29A3562042A354002F7BB0 /* MainTabBarController.swift in Sources */ = {isa = PBXBuildFile; fileRef = DA29A3552042A354002F7BB0 /* MainTabBarController.swift */; };
		DA29A3592042BB47002F7BB0 /* MenuTableViewController.swift in Sources */ = {isa = PBXBuildFile; fileRef = DA29A3582042BB47002F7BB0 /* MenuTableViewController.swift */; };
		DA2A50142044682F0091723F /* TransactionsController.swift in Sources */ = {isa = PBXBuildFile; fileRef = DA2A50132044682F0091723F /* TransactionsController.swift */; };
		DA39333F203EB3C90079750C /* LoginNavigationController.swift in Sources */ = {isa = PBXBuildFile; fileRef = DA39333E203EB3C90079750C /* LoginNavigationController.swift */; };
		DA393342203EB8D90079750C /* EmailTextField.swift in Sources */ = {isa = PBXBuildFile; fileRef = DA393341203EB8D90079750C /* EmailTextField.swift */; };
		DA39334D203EBD9F0079750C /* Montserrat-Light.otf in Resources */ = {isa = PBXBuildFile; fileRef = DA393345203EBD9D0079750C /* Montserrat-Light.otf */; };
		DA39334E203EBD9F0079750C /* Montserrat-Hairline.otf in Resources */ = {isa = PBXBuildFile; fileRef = DA393346203EBD9E0079750C /* Montserrat-Hairline.otf */; };
		DA39334F203EBD9F0079750C /* Montserrat-Black.otf in Resources */ = {isa = PBXBuildFile; fileRef = DA393347203EBD9E0079750C /* Montserrat-Black.otf */; };
		DA393350203EBD9F0079750C /* Montserrat-UltraLight.otf in Resources */ = {isa = PBXBuildFile; fileRef = DA393348203EBD9E0079750C /* Montserrat-UltraLight.otf */; };
		DA393351203EBD9F0079750C /* Montserrat-ExtraBold.otf in Resources */ = {isa = PBXBuildFile; fileRef = DA393349203EBD9E0079750C /* Montserrat-ExtraBold.otf */; };
		DA393352203EBD9F0079750C /* Montserrat-Bold.otf in Resources */ = {isa = PBXBuildFile; fileRef = DA39334A203EBD9E0079750C /* Montserrat-Bold.otf */; };
		DA393353203EBD9F0079750C /* Montserrat-Regular.otf in Resources */ = {isa = PBXBuildFile; fileRef = DA39334B203EBD9E0079750C /* Montserrat-Regular.otf */; };
		DA393354203EBD9F0079750C /* Montserrat-SemiBold.otf in Resources */ = {isa = PBXBuildFile; fileRef = DA39334C203EBD9F0079750C /* Montserrat-SemiBold.otf */; };
		DA393356203EC1080079750C /* PasswordTextField.swift in Sources */ = {isa = PBXBuildFile; fileRef = DA393355203EC1080079750C /* PasswordTextField.swift */; };
		DA393358203EC1380079750C /* UITextField+extension.swift in Sources */ = {isa = PBXBuildFile; fileRef = DA393357203EC1380079750C /* UITextField+extension.swift */; };
		DA39335A203ED27E0079750C /* SignUpViewController.swift in Sources */ = {isa = PBXBuildFile; fileRef = DA393359203ED27E0079750C /* SignUpViewController.swift */; };
		DA39335C203ED7BA0079750C /* ResetPasswordViewController.swift in Sources */ = {isa = PBXBuildFile; fileRef = DA39335B203ED7BA0079750C /* ResetPasswordViewController.swift */; };
		DA39335F203EFE620079750C /* LoginController.swift in Sources */ = {isa = PBXBuildFile; fileRef = DA39335E203EFE620079750C /* LoginController.swift */; };
		DA393361203F0F4C0079750C /* ResetPasswordFinishViewController.swift in Sources */ = {isa = PBXBuildFile; fileRef = DA393360203F0F4C0079750C /* ResetPasswordFinishViewController.swift */; };
		DA3F7F262064046800097B60 /* TokenData.swift in Sources */ = {isa = PBXBuildFile; fileRef = DA3F7F252064046800097B60 /* TokenData.swift */; };
		DA4C3A9020453D75007BFC3A /* SignupViewController+PincodeViewController.swift in Sources */ = {isa = PBXBuildFile; fileRef = DA4C3A8F20453D75007BFC3A /* SignupViewController+PincodeViewController.swift */; };
		DA56D760205C1E9A0004E7F6 /* InnovaTransaction.swift in Sources */ = {isa = PBXBuildFile; fileRef = DA56D75F205C1E9A0004E7F6 /* InnovaTransaction.swift */; };
		DA56D762205C22C40004E7F6 /* Reachability.swift in Sources */ = {isa = PBXBuildFile; fileRef = DA56D761205C22C40004E7F6 /* Reachability.swift */; };
		DA56D764205C24CB0004E7F6 /* UnixTimeInterval.swift in Sources */ = {isa = PBXBuildFile; fileRef = DA56D763205C24CB0004E7F6 /* UnixTimeInterval.swift */; };
		DA58AB5F204E77ED0038A13E /* EditContactViewController.swift in Sources */ = {isa = PBXBuildFile; fileRef = DA58AB5E204E77ED0038A13E /* EditContactViewController.swift */; };
		DA58AB62204E7B8E0038A13E /* QRScannerViewController.swift in Sources */ = {isa = PBXBuildFile; fileRef = DA58AB61204E7B8E0038A13E /* QRScannerViewController.swift */; };
		DA58AB64204E8F590038A13E /* Strings+extension.swift in Sources */ = {isa = PBXBuildFile; fileRef = DA58AB63204E8F590038A13E /* Strings+extension.swift */; };
		DA5C025720514B69003223BD /* DataManager+Contact.swift in Sources */ = {isa = PBXBuildFile; fileRef = DA5C025620514B69003223BD /* DataManager+Contact.swift */; };
		DA5C0259205156D2003223BD /* RouterViewControllers.swift in Sources */ = {isa = PBXBuildFile; fileRef = DA5C0258205156D2003223BD /* RouterViewControllers.swift */; };
		DA5C0260205158E3003223BD /* UIStoryboard+Extension.swift in Sources */ = {isa = PBXBuildFile; fileRef = DA5C025F205158E3003223BD /* UIStoryboard+Extension.swift */; };
		DA5C026320515D53003223BD /* ContactsTableViewController.swift in Sources */ = {isa = PBXBuildFile; fileRef = DA5C026220515D53003223BD /* ContactsTableViewController.swift */; };
		DA5C0265205171BE003223BD /* PreviewContactViewController.swift in Sources */ = {isa = PBXBuildFile; fileRef = DA5C0264205171BE003223BD /* PreviewContactViewController.swift */; };
		DA5DE6682044A2CC00E8951E /* EmptyTransactionViewController.swift in Sources */ = {isa = PBXBuildFile; fileRef = DA5DE6672044A2CC00E8951E /* EmptyTransactionViewController.swift */; };
		DA5DE66B2044A7EF00E8951E /* RestApi.swift in Sources */ = {isa = PBXBuildFile; fileRef = DA5DE66A2044A7EF00E8951E /* RestApi.swift */; };
		DA5DE66D2044AA2900E8951E /* RESTController.swift in Sources */ = {isa = PBXBuildFile; fileRef = DA5DE66C2044AA2900E8951E /* RESTController.swift */; };
		DA5DE66F2044AB0800E8951E /* ServerResponse.swift in Sources */ = {isa = PBXBuildFile; fileRef = DA5DE66E2044AB0800E8951E /* ServerResponse.swift */; };
		DA5DE6712044B3AA00E8951E /* QuestionsList.swift in Sources */ = {isa = PBXBuildFile; fileRef = DA5DE6702044B3AA00E8951E /* QuestionsList.swift */; };
		DA5DE6732044C58000E8951E /* NumberButton.swift in Sources */ = {isa = PBXBuildFile; fileRef = DA5DE6722044C58000E8951E /* NumberButton.swift */; };
		DA5DE6752044C8A500E8951E /* PincodeViewController.swift in Sources */ = {isa = PBXBuildFile; fileRef = DA5DE6742044C8A500E8951E /* PincodeViewController.swift */; };
		DA684DE120637DEB004320D4 /* TransactionType.swift in Sources */ = {isa = PBXBuildFile; fileRef = DA684DE020637DEB004320D4 /* TransactionType.swift */; };
		DA684DE32063B46A004320D4 /* PendingTransactionResponse.swift in Sources */ = {isa = PBXBuildFile; fileRef = DA684DE22063B46A004320D4 /* PendingTransactionResponse.swift */; };
		DA7BEB6D2060EC36007EF611 /* USDCoin.swift in Sources */ = {isa = PBXBuildFile; fileRef = DA7BEB6C2060EC36007EF611 /* USDCoin.swift */; };
		DA7BEB6F2060F7F2007EF611 /* MarketPriceController+Conversion.swift in Sources */ = {isa = PBXBuildFile; fileRef = DA7BEB6E2060F7F2007EF611 /* MarketPriceController+Conversion.swift */; };
		DA7BEB712061249A007EF611 /* CurrencyTextField.swift in Sources */ = {isa = PBXBuildFile; fileRef = DA7BEB702061249A007EF611 /* CurrencyTextField.swift */; };
		DA7BEB7320612FE0007EF611 /* TransactionStatus.swift in Sources */ = {isa = PBXBuildFile; fileRef = DA7BEB7220612FE0007EF611 /* TransactionStatus.swift */; };
		DA81A7F0205BB3EA0042CD2F /* InnovaConstants.swift in Sources */ = {isa = PBXBuildFile; fileRef = DA81A7EF205BB3EA0042CD2F /* InnovaConstants.swift */; };
		DA81A7F2205BB8250042CD2F /* UIImage+Innova.swift in Sources */ = {isa = PBXBuildFile; fileRef = DA81A7F1205BB8250042CD2F /* UIImage+Innova.swift */; };
		DA906D9120654A1400667863 /* PinCodeViewControllerDelegate.swift in Sources */ = {isa = PBXBuildFile; fileRef = DA906D9020654A1400667863 /* PinCodeViewControllerDelegate.swift */; };
		DA98F75F20512BF300FBA8A9 /* innova.xcdatamodeld in Sources */ = {isa = PBXBuildFile; fileRef = DA98F75D20512BF300FBA8A9 /* innova.xcdatamodeld */; };
		DA98F76120512D5B00FBA8A9 /* DataManager.swift in Sources */ = {isa = PBXBuildFile; fileRef = DA98F76020512D5B00FBA8A9 /* DataManager.swift */; };
		DA9BF9A8205D130F008760DC /* Transaction+extension.swift in Sources */ = {isa = PBXBuildFile; fileRef = DA9BF9A7205D130F008760DC /* Transaction+extension.swift */; };
		DA9BF9AE205D1C7E008760DC /* RESTController+Wallet.swift in Sources */ = {isa = PBXBuildFile; fileRef = DA9BF9AD205D1C7E008760DC /* RESTController+Wallet.swift */; };
		DA9BF9B0205D1E31008760DC /* InnovaTransactionsResponse.swift in Sources */ = {isa = PBXBuildFile; fileRef = DA9BF9AF205D1E31008760DC /* InnovaTransactionsResponse.swift */; };
		DA9BF9B2205D1F21008760DC /* DataManager+Transactions.swift in Sources */ = {isa = PBXBuildFile; fileRef = DA9BF9B1205D1F20008760DC /* DataManager+Transactions.swift */; };
		DA9BF9B5205D2740008760DC /* TransactionTableViewCell.swift in Sources */ = {isa = PBXBuildFile; fileRef = DA9BF9B4205D2740008760DC /* TransactionTableViewCell.swift */; };
		DAA29EC5203E92E600308D9D /* UIButton+extension.swift in Sources */ = {isa = PBXBuildFile; fileRef = DAA29EC4203E92E600308D9D /* UIButton+extension.swift */; };
		DAA29EC8203EA79C00308D9D /* SignInViewController.swift in Sources */ = {isa = PBXBuildFile; fileRef = DAA29EC7203EA79C00308D9D /* SignInViewController.swift */; };
		DAA29ECA203EA93700308D9D /* UIViewController+extension.swift in Sources */ = {isa = PBXBuildFile; fileRef = DAA29EC9203EA93700308D9D /* UIViewController+extension.swift */; };
		DAB40FEC20498881001FC147 /* VerifyTokenViewController.swift in Sources */ = {isa = PBXBuildFile; fileRef = DAB40FEB20498881001FC147 /* VerifyTokenViewController.swift */; };
		DAB40FEE2049B117001FC147 /* AddressbookEmptyViewController.swift in Sources */ = {isa = PBXBuildFile; fileRef = DAB40FED2049B117001FC147 /* AddressbookEmptyViewController.swift */; };
		DABB8E7F205CFD0500619003 /* CryptoCurrency.swift in Sources */ = {isa = PBXBuildFile; fileRef = DABB8E7E205CFD0500619003 /* CryptoCurrency.swift */; };
		DABB8E81205D036800619003 /* InnovaCoin.swift in Sources */ = {isa = PBXBuildFile; fileRef = DABB8E80205D036800619003 /* InnovaCoin.swift */; };
		DABB8E83205D0ADA00619003 /* RestApiProtocol.swift in Sources */ = {isa = PBXBuildFile; fileRef = DABB8E82205D0ADA00619003 /* RestApiProtocol.swift */; };
		DABB8E86205D0D7700619003 /* Bitcoin.swift in Sources */ = {isa = PBXBuildFile; fileRef = DABB8E85205D0D7700619003 /* Bitcoin.swift */; };
		DABBF7B9204692CC0053C09D /* SignUpUser.swift in Sources */ = {isa = PBXBuildFile; fileRef = DABBF7B8204692CC0053C09D /* SignUpUser.swift */; };
		DABBF7BB204694260053C09D /* AccountStatus.swift in Sources */ = {isa = PBXBuildFile; fileRef = DABBF7BA204694260053C09D /* AccountStatus.swift */; };
		DABBF7BD2046BDF80053C09D /* SignUpResult.swift in Sources */ = {isa = PBXBuildFile; fileRef = DABBF7BC2046BDF80053C09D /* SignUpResult.swift */; };
		DABBF7BF2046BE660053C09D /* UserProfile.swift in Sources */ = {isa = PBXBuildFile; fileRef = DABBF7BE2046BE660053C09D /* UserProfile.swift */; };
		DABBF7C12046C3B20053C09D /* UserController.swift in Sources */ = {isa = PBXBuildFile; fileRef = DABBF7C02046C3B20053C09D /* UserController.swift */; };
		DABBF7C32046C9CA0053C09D /* SignInResult.swift in Sources */ = {isa = PBXBuildFile; fileRef = DABBF7C22046C9CA0053C09D /* SignInResult.swift */; };
		DABD9F5B20403FA800494BC1 /* QuestionsTableViewController.swift in Sources */ = {isa = PBXBuildFile; fileRef = DABD9F5A20403FA800494BC1 /* QuestionsTableViewController.swift */; };
		DAC6A284205E3A6F00B6D95E /* DateFormatter+extension.swift in Sources */ = {isa = PBXBuildFile; fileRef = DAC6A283205E3A6F00B6D95E /* DateFormatter+extension.swift */; };
		DAC6A286205E40D000B6D95E /* MarketPriceController.swift in Sources */ = {isa = PBXBuildFile; fileRef = DAC6A285205E40D000B6D95E /* MarketPriceController.swift */; };
		DAC6A28D205E8C9800B6D95E /* InnovaWalletResponse.swift in Sources */ = {isa = PBXBuildFile; fileRef = DAC6A28C205E8C9800B6D95E /* InnovaWalletResponse.swift */; };
		DAC6A290205E8CF800B6D95E /* InnovaResponseError.swift in Sources */ = {isa = PBXBuildFile; fileRef = DAC6A28F205E8CF800B6D95E /* InnovaResponseError.swift */; };
		DAC6A292205E984B00B6D95E /* InnovaWalletRestAPI.swift in Sources */ = {isa = PBXBuildFile; fileRef = DAC6A291205E984B00B6D95E /* InnovaWalletRestAPI.swift */; };
		DAC8ECC92056776400B9AF76 /* MessageResult.swift in Sources */ = {isa = PBXBuildFile; fileRef = DAC8ECC82056776400B9AF76 /* MessageResult.swift */; };
		DAC8ECCB205698CB00B9AF76 /* EditContactViewControllerType.swift in Sources */ = {isa = PBXBuildFile; fileRef = DAC8ECCA205698CB00B9AF76 /* EditContactViewControllerType.swift */; };
		DACD7F9B2059317F00464A61 /* UIGestureRecognizer+LinkLabel.swift in Sources */ = {isa = PBXBuildFile; fileRef = DACD7F9A2059317F00464A61 /* UIGestureRecognizer+LinkLabel.swift */; };
		DAD7A5202046FF26007DE09C /* SettingsTableViewController.swift in Sources */ = {isa = PBXBuildFile; fileRef = DAD7A51F2046FF26007DE09C /* SettingsTableViewController.swift */; };
		DADA09F02047E68A00A9A86A /* AlertViewController.swift in Sources */ = {isa = PBXBuildFile; fileRef = DADA09EF2047E68A00A9A86A /* AlertViewController.swift */; };
		DADE300D20528AA500F30976 /* ChangePasswordControllerType.swift in Sources */ = {isa = PBXBuildFile; fileRef = DADE300C20528AA500F30976 /* ChangePasswordControllerType.swift */; };
		DADE300F20528FD700F30976 /* ChangePasswordViewController+Pincode.swift in Sources */ = {isa = PBXBuildFile; fileRef = DADE300E20528FD700F30976 /* ChangePasswordViewController+Pincode.swift */; };
		DAE56FB92058030C00EDBB49 /* InnovaPriceResponse.swift in Sources */ = {isa = PBXBuildFile; fileRef = DAE56FB82058030C00EDBB49 /* InnovaPriceResponse.swift */; };
		DAF0B2FB203DB5D30061000F /* InnocoinApp.swift in Sources */ = {isa = PBXBuildFile; fileRef = DAF0B2FA203DB5D30061000F /* InnocoinApp.swift */; };
		DAF0B300203DB5D30061000F /* Main.storyboard in Resources */ = {isa = PBXBuildFile; fileRef = DAF0B2FE203DB5D30061000F /* Main.storyboard */; };
		DAF0B302203DB5D30061000F /* Assets.xcassets in Resources */ = {isa = PBXBuildFile; fileRef = DAF0B301203DB5D30061000F /* Assets.xcassets */; };
		DAF0B305203DB5D30061000F /* LaunchScreen.storyboard in Resources */ = {isa = PBXBuildFile; fileRef = DAF0B303203DB5D30061000F /* LaunchScreen.storyboard */; };
		DAF0B30F203DC3A30061000F /* UIView+extension.swift in Sources */ = {isa = PBXBuildFile; fileRef = DAF0B30E203DC3A30061000F /* UIView+extension.swift */; };
		DAF0B311203DC3EC0061000F /* UIColor+extension.swift in Sources */ = {isa = PBXBuildFile; fileRef = DAF0B310203DC3EC0061000F /* UIColor+extension.swift */; };
		DAF7E66E2052758200D96511 /* ContactTableViewCell.swift in Sources */ = {isa = PBXBuildFile; fileRef = DAF7E66D2052758200D96511 /* ContactTableViewCell.swift */; };
		DAF7E67020527F7D00D96511 /* ChangePasswordViewController.swift in Sources */ = {isa = PBXBuildFile; fileRef = DAF7E66F20527F7D00D96511 /* ChangePasswordViewController.swift */; };
/* End PBXBuildFile section */

/* Begin PBXFileReference section */
		DA04294B2042C83000642843 /* SendViewController.swift */ = {isa = PBXFileReference; lastKnownFileType = sourcecode.swift; path = SendViewController.swift; sourceTree = "<group>"; };
		DA04294D2042E7E300642843 /* OverviewViewController.swift */ = {isa = PBXFileReference; lastKnownFileType = sourcecode.swift; path = OverviewViewController.swift; sourceTree = "<group>"; };
		DA04294F2042E81400642843 /* TransactionTableViewController.swift */ = {isa = PBXFileReference; lastKnownFileType = sourcecode.swift; path = TransactionTableViewController.swift; sourceTree = "<group>"; };
		DA0429512042E91600642843 /* ReceiveViewController.swift */ = {isa = PBXFileReference; lastKnownFileType = sourcecode.swift; path = ReceiveViewController.swift; sourceTree = "<group>"; };
		DA119BF3205D43E1009DBBBF /* TransactionDetailsViewController.swift */ = {isa = PBXFileReference; lastKnownFileType = sourcecode.swift; path = TransactionDetailsViewController.swift; sourceTree = "<group>"; };
		DA1663F32045498B005AACED /* SignUpViewcontroller+QuestionTableView.swift */ = {isa = PBXFileReference; lastKnownFileType = sourcecode.swift; path = "SignUpViewcontroller+QuestionTableView.swift"; sourceTree = "<group>"; };
		DA22D9F82053DC6800702B3C /* ResetPincodeViewController.swift */ = {isa = PBXFileReference; lastKnownFileType = sourcecode.swift; path = ResetPincodeViewController.swift; sourceTree = "<group>"; };
		DA22D9F92053DC6800702B3C /* ResetPincodeViewController.xib */ = {isa = PBXFileReference; lastKnownFileType = file.xib; path = ResetPincodeViewController.xib; sourceTree = "<group>"; };
		DA29A3552042A354002F7BB0 /* MainTabBarController.swift */ = {isa = PBXFileReference; lastKnownFileType = sourcecode.swift; path = MainTabBarController.swift; sourceTree = "<group>"; };
		DA29A3582042BB47002F7BB0 /* MenuTableViewController.swift */ = {isa = PBXFileReference; lastKnownFileType = sourcecode.swift; path = MenuTableViewController.swift; sourceTree = "<group>"; };
		DA2A50132044682F0091723F /* TransactionsController.swift */ = {isa = PBXFileReference; lastKnownFileType = sourcecode.swift; path = TransactionsController.swift; sourceTree = "<group>"; };
		DA39333E203EB3C90079750C /* LoginNavigationController.swift */ = {isa = PBXFileReference; lastKnownFileType = sourcecode.swift; path = LoginNavigationController.swift; sourceTree = "<group>"; };
		DA393341203EB8D90079750C /* EmailTextField.swift */ = {isa = PBXFileReference; lastKnownFileType = sourcecode.swift; path = EmailTextField.swift; sourceTree = "<group>"; };
		DA393345203EBD9D0079750C /* Montserrat-Light.otf */ = {isa = PBXFileReference; lastKnownFileType = file; path = "Montserrat-Light.otf"; sourceTree = "<group>"; };
		DA393346203EBD9E0079750C /* Montserrat-Hairline.otf */ = {isa = PBXFileReference; lastKnownFileType = file; path = "Montserrat-Hairline.otf"; sourceTree = "<group>"; };
		DA393347203EBD9E0079750C /* Montserrat-Black.otf */ = {isa = PBXFileReference; lastKnownFileType = file; path = "Montserrat-Black.otf"; sourceTree = "<group>"; };
		DA393348203EBD9E0079750C /* Montserrat-UltraLight.otf */ = {isa = PBXFileReference; lastKnownFileType = file; path = "Montserrat-UltraLight.otf"; sourceTree = "<group>"; };
		DA393349203EBD9E0079750C /* Montserrat-ExtraBold.otf */ = {isa = PBXFileReference; lastKnownFileType = file; path = "Montserrat-ExtraBold.otf"; sourceTree = "<group>"; };
		DA39334A203EBD9E0079750C /* Montserrat-Bold.otf */ = {isa = PBXFileReference; lastKnownFileType = file; path = "Montserrat-Bold.otf"; sourceTree = "<group>"; };
		DA39334B203EBD9E0079750C /* Montserrat-Regular.otf */ = {isa = PBXFileReference; lastKnownFileType = file; path = "Montserrat-Regular.otf"; sourceTree = "<group>"; };
		DA39334C203EBD9F0079750C /* Montserrat-SemiBold.otf */ = {isa = PBXFileReference; lastKnownFileType = file; path = "Montserrat-SemiBold.otf"; sourceTree = "<group>"; };
		DA393355203EC1080079750C /* PasswordTextField.swift */ = {isa = PBXFileReference; lastKnownFileType = sourcecode.swift; path = PasswordTextField.swift; sourceTree = "<group>"; };
		DA393357203EC1380079750C /* UITextField+extension.swift */ = {isa = PBXFileReference; lastKnownFileType = sourcecode.swift; path = "UITextField+extension.swift"; sourceTree = "<group>"; };
		DA393359203ED27E0079750C /* SignUpViewController.swift */ = {isa = PBXFileReference; lastKnownFileType = sourcecode.swift; path = SignUpViewController.swift; sourceTree = "<group>"; };
		DA39335B203ED7BA0079750C /* ResetPasswordViewController.swift */ = {isa = PBXFileReference; lastKnownFileType = sourcecode.swift; path = ResetPasswordViewController.swift; sourceTree = "<group>"; };
		DA39335E203EFE620079750C /* LoginController.swift */ = {isa = PBXFileReference; lastKnownFileType = sourcecode.swift; path = LoginController.swift; sourceTree = "<group>"; };
		DA393360203F0F4C0079750C /* ResetPasswordFinishViewController.swift */ = {isa = PBXFileReference; lastKnownFileType = sourcecode.swift; path = ResetPasswordFinishViewController.swift; sourceTree = "<group>"; };
		DA3F7F252064046800097B60 /* TokenData.swift */ = {isa = PBXFileReference; lastKnownFileType = sourcecode.swift; path = TokenData.swift; sourceTree = "<group>"; };
		DA4C3A8F20453D75007BFC3A /* SignupViewController+PincodeViewController.swift */ = {isa = PBXFileReference; lastKnownFileType = sourcecode.swift; path = "SignupViewController+PincodeViewController.swift"; sourceTree = "<group>"; };
		DA56D75F205C1E9A0004E7F6 /* InnovaTransaction.swift */ = {isa = PBXFileReference; lastKnownFileType = sourcecode.swift; path = InnovaTransaction.swift; sourceTree = "<group>"; };
		DA56D761205C22C40004E7F6 /* Reachability.swift */ = {isa = PBXFileReference; lastKnownFileType = sourcecode.swift; path = Reachability.swift; sourceTree = "<group>"; };
		DA56D763205C24CB0004E7F6 /* UnixTimeInterval.swift */ = {isa = PBXFileReference; lastKnownFileType = sourcecode.swift; path = UnixTimeInterval.swift; sourceTree = "<group>"; };
		DA58AB5E204E77ED0038A13E /* EditContactViewController.swift */ = {isa = PBXFileReference; lastKnownFileType = sourcecode.swift; path = EditContactViewController.swift; sourceTree = "<group>"; };
		DA58AB61204E7B8E0038A13E /* QRScannerViewController.swift */ = {isa = PBXFileReference; lastKnownFileType = sourcecode.swift; path = QRScannerViewController.swift; sourceTree = "<group>"; };
		DA58AB63204E8F590038A13E /* Strings+extension.swift */ = {isa = PBXFileReference; lastKnownFileType = sourcecode.swift; path = "Strings+extension.swift"; sourceTree = "<group>"; };
		DA5C025620514B69003223BD /* DataManager+Contact.swift */ = {isa = PBXFileReference; lastKnownFileType = sourcecode.swift; path = "DataManager+Contact.swift"; sourceTree = "<group>"; };
		DA5C0258205156D2003223BD /* RouterViewControllers.swift */ = {isa = PBXFileReference; lastKnownFileType = sourcecode.swift; path = RouterViewControllers.swift; sourceTree = "<group>"; };
		DA5C025F205158E3003223BD /* UIStoryboard+Extension.swift */ = {isa = PBXFileReference; lastKnownFileType = sourcecode.swift; path = "UIStoryboard+Extension.swift"; sourceTree = "<group>"; };
		DA5C026220515D53003223BD /* ContactsTableViewController.swift */ = {isa = PBXFileReference; lastKnownFileType = sourcecode.swift; path = ContactsTableViewController.swift; sourceTree = "<group>"; };
		DA5C0264205171BE003223BD /* PreviewContactViewController.swift */ = {isa = PBXFileReference; lastKnownFileType = sourcecode.swift; path = PreviewContactViewController.swift; sourceTree = "<group>"; };
		DA5DE6672044A2CC00E8951E /* EmptyTransactionViewController.swift */ = {isa = PBXFileReference; lastKnownFileType = sourcecode.swift; path = EmptyTransactionViewController.swift; sourceTree = "<group>"; };
		DA5DE66A2044A7EF00E8951E /* RestApi.swift */ = {isa = PBXFileReference; lastKnownFileType = sourcecode.swift; path = RestApi.swift; sourceTree = "<group>"; };
		DA5DE66C2044AA2900E8951E /* RESTController.swift */ = {isa = PBXFileReference; lastKnownFileType = sourcecode.swift; path = RESTController.swift; sourceTree = "<group>"; };
		DA5DE66E2044AB0800E8951E /* ServerResponse.swift */ = {isa = PBXFileReference; lastKnownFileType = sourcecode.swift; path = ServerResponse.swift; sourceTree = "<group>"; };
		DA5DE6702044B3AA00E8951E /* QuestionsList.swift */ = {isa = PBXFileReference; lastKnownFileType = sourcecode.swift; path = QuestionsList.swift; sourceTree = "<group>"; };
		DA5DE6722044C58000E8951E /* NumberButton.swift */ = {isa = PBXFileReference; lastKnownFileType = sourcecode.swift; path = NumberButton.swift; sourceTree = "<group>"; };
		DA5DE6742044C8A500E8951E /* PincodeViewController.swift */ = {isa = PBXFileReference; lastKnownFileType = sourcecode.swift; path = PincodeViewController.swift; sourceTree = "<group>"; };
		DA684DE020637DEB004320D4 /* TransactionType.swift */ = {isa = PBXFileReference; lastKnownFileType = sourcecode.swift; path = TransactionType.swift; sourceTree = "<group>"; };
		DA684DE22063B46A004320D4 /* PendingTransactionResponse.swift */ = {isa = PBXFileReference; lastKnownFileType = sourcecode.swift; name = PendingTransactionResponse.swift; path = InnovaResponses/PendingTransactionResponse.swift; sourceTree = "<group>"; };
		DA7BEB6C2060EC36007EF611 /* USDCoin.swift */ = {isa = PBXFileReference; lastKnownFileType = sourcecode.swift; path = USDCoin.swift; sourceTree = "<group>"; };
		DA7BEB6E2060F7F2007EF611 /* MarketPriceController+Conversion.swift */ = {isa = PBXFileReference; lastKnownFileType = sourcecode.swift; path = "MarketPriceController+Conversion.swift"; sourceTree = "<group>"; };
		DA7BEB702061249A007EF611 /* CurrencyTextField.swift */ = {isa = PBXFileReference; lastKnownFileType = sourcecode.swift; path = CurrencyTextField.swift; sourceTree = "<group>"; };
		DA7BEB7220612FE0007EF611 /* TransactionStatus.swift */ = {isa = PBXFileReference; lastKnownFileType = sourcecode.swift; path = TransactionStatus.swift; sourceTree = "<group>"; };
		DA81A7EF205BB3EA0042CD2F /* InnovaConstants.swift */ = {isa = PBXFileReference; lastKnownFileType = sourcecode.swift; path = InnovaConstants.swift; sourceTree = "<group>"; };
		DA81A7F1205BB8250042CD2F /* UIImage+Innova.swift */ = {isa = PBXFileReference; lastKnownFileType = sourcecode.swift; path = "UIImage+Innova.swift"; sourceTree = "<group>"; };
		DA906D9020654A1400667863 /* PinCodeViewControllerDelegate.swift */ = {isa = PBXFileReference; lastKnownFileType = sourcecode.swift; path = PinCodeViewControllerDelegate.swift; sourceTree = "<group>"; };
		DA98F75E20512BF300FBA8A9 /* innova.xcdatamodel */ = {isa = PBXFileReference; lastKnownFileType = wrapper.xcdatamodel; path = innova.xcdatamodel; sourceTree = "<group>"; };
		DA98F76020512D5B00FBA8A9 /* DataManager.swift */ = {isa = PBXFileReference; lastKnownFileType = sourcecode.swift; path = DataManager.swift; sourceTree = "<group>"; };
		DA9BF9A7205D130F008760DC /* Transaction+extension.swift */ = {isa = PBXFileReference; lastKnownFileType = sourcecode.swift; path = "Transaction+extension.swift"; sourceTree = "<group>"; };
		DA9BF9AD205D1C7E008760DC /* RESTController+Wallet.swift */ = {isa = PBXFileReference; lastKnownFileType = sourcecode.swift; path = "RESTController+Wallet.swift"; sourceTree = "<group>"; };
		DA9BF9AF205D1E31008760DC /* InnovaTransactionsResponse.swift */ = {isa = PBXFileReference; lastKnownFileType = sourcecode.swift; path = InnovaTransactionsResponse.swift; sourceTree = "<group>"; };
		DA9BF9B1205D1F20008760DC /* DataManager+Transactions.swift */ = {isa = PBXFileReference; lastKnownFileType = sourcecode.swift; path = "DataManager+Transactions.swift"; sourceTree = "<group>"; };
		DA9BF9B4205D2740008760DC /* TransactionTableViewCell.swift */ = {isa = PBXFileReference; lastKnownFileType = sourcecode.swift; path = TransactionTableViewCell.swift; sourceTree = "<group>"; };
		DAA29EC4203E92E600308D9D /* UIButton+extension.swift */ = {isa = PBXFileReference; lastKnownFileType = sourcecode.swift; path = "UIButton+extension.swift"; sourceTree = "<group>"; };
		DAA29EC7203EA79C00308D9D /* SignInViewController.swift */ = {isa = PBXFileReference; lastKnownFileType = sourcecode.swift; path = SignInViewController.swift; sourceTree = "<group>"; };
		DAA29EC9203EA93700308D9D /* UIViewController+extension.swift */ = {isa = PBXFileReference; lastKnownFileType = sourcecode.swift; path = "UIViewController+extension.swift"; sourceTree = "<group>"; };
		DAB40FEB20498881001FC147 /* VerifyTokenViewController.swift */ = {isa = PBXFileReference; lastKnownFileType = sourcecode.swift; path = VerifyTokenViewController.swift; sourceTree = "<group>"; };
		DAB40FED2049B117001FC147 /* AddressbookEmptyViewController.swift */ = {isa = PBXFileReference; lastKnownFileType = sourcecode.swift; path = AddressbookEmptyViewController.swift; sourceTree = "<group>"; };
		DABB8E7E205CFD0500619003 /* CryptoCurrency.swift */ = {isa = PBXFileReference; lastKnownFileType = sourcecode.swift; path = CryptoCurrency.swift; sourceTree = "<group>"; };
		DABB8E80205D036800619003 /* InnovaCoin.swift */ = {isa = PBXFileReference; lastKnownFileType = sourcecode.swift; path = InnovaCoin.swift; sourceTree = "<group>"; };
		DABB8E82205D0ADA00619003 /* RestApiProtocol.swift */ = {isa = PBXFileReference; lastKnownFileType = sourcecode.swift; path = RestApiProtocol.swift; sourceTree = "<group>"; };
		DABB8E85205D0D7700619003 /* Bitcoin.swift */ = {isa = PBXFileReference; lastKnownFileType = sourcecode.swift; path = Bitcoin.swift; sourceTree = "<group>"; };
		DABBF7B8204692CC0053C09D /* SignUpUser.swift */ = {isa = PBXFileReference; lastKnownFileType = sourcecode.swift; path = SignUpUser.swift; sourceTree = "<group>"; };
		DABBF7BA204694260053C09D /* AccountStatus.swift */ = {isa = PBXFileReference; lastKnownFileType = sourcecode.swift; path = AccountStatus.swift; sourceTree = "<group>"; };
		DABBF7BC2046BDF80053C09D /* SignUpResult.swift */ = {isa = PBXFileReference; lastKnownFileType = sourcecode.swift; path = SignUpResult.swift; sourceTree = "<group>"; };
		DABBF7BE2046BE660053C09D /* UserProfile.swift */ = {isa = PBXFileReference; lastKnownFileType = sourcecode.swift; path = UserProfile.swift; sourceTree = "<group>"; };
		DABBF7C02046C3B20053C09D /* UserController.swift */ = {isa = PBXFileReference; lastKnownFileType = sourcecode.swift; path = UserController.swift; sourceTree = "<group>"; };
		DABBF7C22046C9CA0053C09D /* SignInResult.swift */ = {isa = PBXFileReference; lastKnownFileType = sourcecode.swift; path = SignInResult.swift; sourceTree = "<group>"; };
		DABD9F5A20403FA800494BC1 /* QuestionsTableViewController.swift */ = {isa = PBXFileReference; lastKnownFileType = sourcecode.swift; path = QuestionsTableViewController.swift; sourceTree = "<group>"; };
		DAC6A283205E3A6F00B6D95E /* DateFormatter+extension.swift */ = {isa = PBXFileReference; fileEncoding = 4; lastKnownFileType = sourcecode.swift; path = "DateFormatter+extension.swift"; sourceTree = "<group>"; };
		DAC6A285205E40D000B6D95E /* MarketPriceController.swift */ = {isa = PBXFileReference; lastKnownFileType = sourcecode.swift; path = MarketPriceController.swift; sourceTree = "<group>"; };
		DAC6A28C205E8C9800B6D95E /* InnovaWalletResponse.swift */ = {isa = PBXFileReference; lastKnownFileType = sourcecode.swift; path = InnovaWalletResponse.swift; sourceTree = "<group>"; };
		DAC6A28F205E8CF800B6D95E /* InnovaResponseError.swift */ = {isa = PBXFileReference; lastKnownFileType = sourcecode.swift; path = InnovaResponseError.swift; sourceTree = "<group>"; };
		DAC6A291205E984B00B6D95E /* InnovaWalletRestAPI.swift */ = {isa = PBXFileReference; lastKnownFileType = sourcecode.swift; path = InnovaWalletRestAPI.swift; sourceTree = "<group>"; };
		DAC8ECC82056776400B9AF76 /* MessageResult.swift */ = {isa = PBXFileReference; lastKnownFileType = sourcecode.swift; path = MessageResult.swift; sourceTree = "<group>"; };
		DAC8ECCA205698CB00B9AF76 /* EditContactViewControllerType.swift */ = {isa = PBXFileReference; lastKnownFileType = sourcecode.swift; path = EditContactViewControllerType.swift; sourceTree = "<group>"; };
		DACD7F9A2059317F00464A61 /* UIGestureRecognizer+LinkLabel.swift */ = {isa = PBXFileReference; lastKnownFileType = sourcecode.swift; path = "UIGestureRecognizer+LinkLabel.swift"; sourceTree = "<group>"; };
		DAD7A51F2046FF26007DE09C /* SettingsTableViewController.swift */ = {isa = PBXFileReference; lastKnownFileType = sourcecode.swift; path = SettingsTableViewController.swift; sourceTree = "<group>"; };
		DADA09EF2047E68A00A9A86A /* AlertViewController.swift */ = {isa = PBXFileReference; lastKnownFileType = sourcecode.swift; path = AlertViewController.swift; sourceTree = "<group>"; };
		DADE300C20528AA500F30976 /* ChangePasswordControllerType.swift */ = {isa = PBXFileReference; lastKnownFileType = sourcecode.swift; path = ChangePasswordControllerType.swift; sourceTree = "<group>"; };
		DADE300E20528FD700F30976 /* ChangePasswordViewController+Pincode.swift */ = {isa = PBXFileReference; lastKnownFileType = sourcecode.swift; path = "ChangePasswordViewController+Pincode.swift"; sourceTree = "<group>"; };
		DAE56FB82058030C00EDBB49 /* InnovaPriceResponse.swift */ = {isa = PBXFileReference; lastKnownFileType = sourcecode.swift; path = InnovaPriceResponse.swift; sourceTree = "<group>"; };
		DAF0B2F7203DB5D30061000F /* innocoin.app */ = {isa = PBXFileReference; explicitFileType = wrapper.application; includeInIndex = 0; path = innocoin.app; sourceTree = BUILT_PRODUCTS_DIR; };
		DAF0B2FA203DB5D30061000F /* InnocoinApp.swift */ = {isa = PBXFileReference; lastKnownFileType = sourcecode.swift; path = InnocoinApp.swift; sourceTree = "<group>"; };
		DAF0B2FF203DB5D30061000F /* Base */ = {isa = PBXFileReference; lastKnownFileType = file.storyboard; name = Base; path = Base.lproj/Main.storyboard; sourceTree = "<group>"; };
		DAF0B301203DB5D30061000F /* Assets.xcassets */ = {isa = PBXFileReference; lastKnownFileType = folder.assetcatalog; path = Assets.xcassets; sourceTree = "<group>"; };
		DAF0B304203DB5D30061000F /* Base */ = {isa = PBXFileReference; lastKnownFileType = file.storyboard; name = Base; path = Base.lproj/LaunchScreen.storyboard; sourceTree = "<group>"; };
		DAF0B306203DB5D30061000F /* Info.plist */ = {isa = PBXFileReference; lastKnownFileType = text.plist.xml; path = Info.plist; sourceTree = "<group>"; };
		DAF0B30C203DB99E0061000F /* README.md */ = {isa = PBXFileReference; lastKnownFileType = net.daringfireball.markdown; path = README.md; sourceTree = "<group>"; };
		DAF0B30E203DC3A30061000F /* UIView+extension.swift */ = {isa = PBXFileReference; lastKnownFileType = sourcecode.swift; path = "UIView+extension.swift"; sourceTree = "<group>"; };
		DAF0B310203DC3EC0061000F /* UIColor+extension.swift */ = {isa = PBXFileReference; lastKnownFileType = sourcecode.swift; path = "UIColor+extension.swift"; sourceTree = "<group>"; };
		DAF7E66D2052758200D96511 /* ContactTableViewCell.swift */ = {isa = PBXFileReference; lastKnownFileType = sourcecode.swift; path = ContactTableViewCell.swift; sourceTree = "<group>"; };
		DAF7E66F20527F7D00D96511 /* ChangePasswordViewController.swift */ = {isa = PBXFileReference; lastKnownFileType = sourcecode.swift; path = ChangePasswordViewController.swift; sourceTree = "<group>"; };
/* End PBXFileReference section */

/* Begin PBXFrameworksBuildPhase section */
		DAF0B2F4203DB5D30061000F /* Frameworks */ = {
			isa = PBXFrameworksBuildPhase;
			buildActionMask = 2147483647;
			files = (
			);
			runOnlyForDeploymentPostprocessing = 0;
		};
/* End PBXFrameworksBuildPhase section */

/* Begin PBXGroup section */
		DA22D9F72053DC4200702B3C /* SecuritySettings */ = {
			isa = PBXGroup;
			children = (
				DAF7E66F20527F7D00D96511 /* ChangePasswordViewController.swift */,
				DADE300E20528FD700F30976 /* ChangePasswordViewController+Pincode.swift */,
				DADE300C20528AA500F30976 /* ChangePasswordControllerType.swift */,
				DA22D9F82053DC6800702B3C /* ResetPincodeViewController.swift */,
				DA22D9F92053DC6800702B3C /* ResetPincodeViewController.xib */,
			);
			path = SecuritySettings;
			sourceTree = "<group>";
		};
		DA29A3532042A31A002F7BB0 /* Login&Register */ = {
			isa = PBXGroup;
			children = (
				DAA29EC7203EA79C00308D9D /* SignInViewController.swift */,
				DA39333E203EB3C90079750C /* LoginNavigationController.swift */,
				DA393359203ED27E0079750C /* SignUpViewController.swift */,
				DA39335B203ED7BA0079750C /* ResetPasswordViewController.swift */,
				DA393360203F0F4C0079750C /* ResetPasswordFinishViewController.swift */,
				DABD9F5A20403FA800494BC1 /* QuestionsTableViewController.swift */,
				DA4C3A8F20453D75007BFC3A /* SignupViewController+PincodeViewController.swift */,
				DA1663F32045498B005AACED /* SignUpViewcontroller+QuestionTableView.swift */,
				DAB40FEB20498881001FC147 /* VerifyTokenViewController.swift */,
			);
			path = "Login&Register";
			sourceTree = "<group>";
		};
		DA29A3542042A327002F7BB0 /* Main */ = {
			isa = PBXGroup;
			children = (
				DA29A3552042A354002F7BB0 /* MainTabBarController.swift */,
				DA04294B2042C83000642843 /* SendViewController.swift */,
				DA04294D2042E7E300642843 /* OverviewViewController.swift */,
				DA0429512042E91600642843 /* ReceiveViewController.swift */,
				DA9BF9B3205D2714008760DC /* Transactions */,
			);
			path = Main;
			sourceTree = "<group>";
		};
		DA29A3572042BB27002F7BB0 /* Menu */ = {
			isa = PBXGroup;
			children = (
				DA29A3582042BB47002F7BB0 /* MenuTableViewController.swift */,
				DAD7A51F2046FF26007DE09C /* SettingsTableViewController.swift */,
				DA22D9F72053DC4200702B3C /* SecuritySettings */,
				DA5C026120515D2C003223BD /* AddressBook */,
			);
			path = Menu;
			sourceTree = "<group>";
		};
		DA393340203EB8C40079750C /* CustomUI */ = {
			isa = PBXGroup;
			children = (
				DA393341203EB8D90079750C /* EmailTextField.swift */,
				DA393355203EC1080079750C /* PasswordTextField.swift */,
				DA7BEB702061249A007EF611 /* CurrencyTextField.swift */,
				DA5DE6722044C58000E8951E /* NumberButton.swift */,
			);
			path = CustomUI;
			sourceTree = "<group>";
		};
		DA393343203EBD710079750C /* Resources */ = {
			isa = PBXGroup;
			children = (
				DAF0B301203DB5D30061000F /* Assets.xcassets */,
				DA393344203EBD7A0079750C /* Fonts */,
			);
			path = Resources;
			sourceTree = "<group>";
		};
		DA393344203EBD7A0079750C /* Fonts */ = {
			isa = PBXGroup;
			children = (
				DA393347203EBD9E0079750C /* Montserrat-Black.otf */,
				DA39334A203EBD9E0079750C /* Montserrat-Bold.otf */,
				DA393349203EBD9E0079750C /* Montserrat-ExtraBold.otf */,
				DA393346203EBD9E0079750C /* Montserrat-Hairline.otf */,
				DA393345203EBD9D0079750C /* Montserrat-Light.otf */,
				DA39334B203EBD9E0079750C /* Montserrat-Regular.otf */,
				DA39334C203EBD9F0079750C /* Montserrat-SemiBold.otf */,
				DA393348203EBD9E0079750C /* Montserrat-UltraLight.otf */,
			);
			path = Fonts;
			sourceTree = "<group>";
		};
		DA39335D203EFE440079750C /* InnoControllers */ = {
			isa = PBXGroup;
			children = (
				DA39335E203EFE620079750C /* LoginController.swift */,
				DA2A50132044682F0091723F /* TransactionsController.swift */,
				DA5DE66C2044AA2900E8951E /* RESTController.swift */,
				DA9BF9AD205D1C7E008760DC /* RESTController+Wallet.swift */,
				DABBF7C02046C3B20053C09D /* UserController.swift */,
				DAC6A285205E40D000B6D95E /* MarketPriceController.swift */,
				DA7BEB6E2060F7F2007EF611 /* MarketPriceController+Conversion.swift */,
			);
			path = InnoControllers;
			sourceTree = "<group>";
		};
		DA58AB60204E7B720038A13E /* QRScanner */ = {
			isa = PBXGroup;
			children = (
				DA58AB61204E7B8E0038A13E /* QRScannerViewController.swift */,
			);
			path = QRScanner;
			sourceTree = "<group>";
		};
		DA5C025C205157D2003223BD /* Router */ = {
			isa = PBXGroup;
			children = (
				DA5C0258205156D2003223BD /* RouterViewControllers.swift */,
			);
			path = Router;
			sourceTree = "<group>";
		};
		DA5C026120515D2C003223BD /* AddressBook */ = {
			isa = PBXGroup;
			children = (
				DAB40FED2049B117001FC147 /* AddressbookEmptyViewController.swift */,
				DA58AB5E204E77ED0038A13E /* EditContactViewController.swift */,
				DA5C026220515D53003223BD /* ContactsTableViewController.swift */,
				DA5C0264205171BE003223BD /* PreviewContactViewController.swift */,
				DAF7E66D2052758200D96511 /* ContactTableViewCell.swift */,
				DAC8ECCA205698CB00B9AF76 /* EditContactViewControllerType.swift */,
			);
			path = AddressBook;
			sourceTree = "<group>";
		};
		DA5DE6692044A7D100E8951E /* REST */ = {
			isa = PBXGroup;
			children = (
				DAC6A28E205E8CCB00B6D95E /* InnovaResponses */,
				DABB8E82205D0ADA00619003 /* RestApiProtocol.swift */,
				DA5DE66A2044A7EF00E8951E /* RestApi.swift */,
				DA5DE66E2044AB0800E8951E /* ServerResponse.swift */,
				DA5DE6702044B3AA00E8951E /* QuestionsList.swift */,
				DABBF7BC2046BDF80053C09D /* SignUpResult.swift */,
				DABBF7C22046C9CA0053C09D /* SignInResult.swift */,
				DAC8ECC82056776400B9AF76 /* MessageResult.swift */,
				DABBF7B8204692CC0053C09D /* SignUpUser.swift */,
				DABBF7BA204694260053C09D /* AccountStatus.swift */,
				DABBF7BE2046BE660053C09D /* UserProfile.swift */,
				DA56D75F205C1E9A0004E7F6 /* InnovaTransaction.swift */,
				DAC6A291205E984B00B6D95E /* InnovaWalletRestAPI.swift */,
				DA684DE22063B46A004320D4 /* PendingTransactionResponse.swift */,
			);
			path = REST;
			sourceTree = "<group>";
		};
		DA81A7EE205BB3A80042CD2F /* Support */ = {
			isa = PBXGroup;
			children = (
				DAF0B2FA203DB5D30061000F /* InnocoinApp.swift */,
				DAF0B306203DB5D30061000F /* Info.plist */,
				DA81A7EF205BB3EA0042CD2F /* InnovaConstants.swift */,
				DA56D761205C22C40004E7F6 /* Reachability.swift */,
			);
			path = Support;
			sourceTree = "<group>";
		};
		DA906D8F206549EF00667863 /* PinCode */ = {
			isa = PBXGroup;
			children = (
				DA906D9020654A1400667863 /* PinCodeViewControllerDelegate.swift */,
				DA5DE6742044C8A500E8951E /* PincodeViewController.swift */,
			);
			path = PinCode;
			sourceTree = "<group>";
		};
		DA98F75C20512BD700FBA8A9 /* CoreData */ = {
			isa = PBXGroup;
			children = (
				DA98F75D20512BF300FBA8A9 /* innova.xcdatamodeld */,
				DA9BF9A7205D130F008760DC /* Transaction+extension.swift */,
				DA98F76020512D5B00FBA8A9 /* DataManager.swift */,
				DA9BF9B1205D1F20008760DC /* DataManager+Transactions.swift */,
				DA5C025620514B69003223BD /* DataManager+Contact.swift */,
			);
			path = CoreData;
			sourceTree = "<group>";
		};
		DA9BF9B3205D2714008760DC /* Transactions */ = {
			isa = PBXGroup;
			children = (
				DA04294F2042E81400642843 /* TransactionTableViewController.swift */,
				DA5DE6672044A2CC00E8951E /* EmptyTransactionViewController.swift */,
				DA9BF9B4205D2740008760DC /* TransactionTableViewCell.swift */,
				DA119BF3205D43E1009DBBBF /* TransactionDetailsViewController.swift */,
			);
			path = Transactions;
			sourceTree = "<group>";
		};
		DAA29EC6203EA77100308D9D /* ViewControllers */ = {
			isa = PBXGroup;
			children = (
				DA906D8F206549EF00667863 /* PinCode */,
				DA58AB60204E7B720038A13E /* QRScanner */,
				DADA09EE2047E66A00A9A86A /* Support */,
				DA29A3572042BB27002F7BB0 /* Menu */,
				DA29A3542042A327002F7BB0 /* Main */,
				DA29A3532042A31A002F7BB0 /* Login&Register */,
				DA5C025C205157D2003223BD /* Router */,
			);
			path = ViewControllers;
			sourceTree = "<group>";
		};
		DABB8E84205D0D3F00619003 /* CustomTypos */ = {
			isa = PBXGroup;
			children = (
				DABB8E80205D036800619003 /* InnovaCoin.swift */,
				DABB8E85205D0D7700619003 /* Bitcoin.swift */,
				DABB8E7E205CFD0500619003 /* CryptoCurrency.swift */,
				DA56D763205C24CB0004E7F6 /* UnixTimeInterval.swift */,
				DA7BEB6C2060EC36007EF611 /* USDCoin.swift */,
				DA7BEB7220612FE0007EF611 /* TransactionStatus.swift */,
				DA684DE020637DEB004320D4 /* TransactionType.swift */,
			);
			path = CustomTypos;
			sourceTree = "<group>";
		};
		DAC6A28E205E8CCB00B6D95E /* InnovaResponses */ = {
			isa = PBXGroup;
			children = (
				DAE56FB82058030C00EDBB49 /* InnovaPriceResponse.swift */,
				DA9BF9AF205D1E31008760DC /* InnovaTransactionsResponse.swift */,
				DAC6A28C205E8C9800B6D95E /* InnovaWalletResponse.swift */,
				DAC6A28F205E8CF800B6D95E /* InnovaResponseError.swift */,
				DA3F7F252064046800097B60 /* TokenData.swift */,
			);
			path = InnovaResponses;
			sourceTree = "<group>";
		};
		DADA09EE2047E66A00A9A86A /* Support */ = {
			isa = PBXGroup;
			children = (
				DADA09EF2047E68A00A9A86A /* AlertViewController.swift */,
			);
			path = Support;
			sourceTree = "<group>";
		};
		DAF0B2EE203DB5D30061000F = {
			isa = PBXGroup;
			children = (
				DAF0B30C203DB99E0061000F /* README.md */,
				DAF0B2F9203DB5D30061000F /* innocoin */,
				DAF0B2F8203DB5D30061000F /* Products */,
			);
			sourceTree = "<group>";
		};
		DAF0B2F8203DB5D30061000F /* Products */ = {
			isa = PBXGroup;
			children = (
				DAF0B2F7203DB5D30061000F /* innocoin.app */,
			);
			name = Products;
			sourceTree = "<group>";
		};
		DAF0B2F9203DB5D30061000F /* innocoin */ = {
			isa = PBXGroup;
			children = (
				DABB8E84205D0D3F00619003 /* CustomTypos */,
				DA81A7EE205BB3A80042CD2F /* Support */,
				DA98F75C20512BD700FBA8A9 /* CoreData */,
				DA5DE6692044A7D100E8951E /* REST */,
				DA39335D203EFE440079750C /* InnoControllers */,
				DA393343203EBD710079750C /* Resources */,
				DA393340203EB8C40079750C /* CustomUI */,
				DAA29EC6203EA77100308D9D /* ViewControllers */,
				DAF0B30D203DC3880061000F /* Helpers */,
				DAF0B2FE203DB5D30061000F /* Main.storyboard */,
				DAF0B303203DB5D30061000F /* LaunchScreen.storyboard */,
			);
			path = innocoin;
			sourceTree = "<group>";
		};
		DAF0B30D203DC3880061000F /* Helpers */ = {
			isa = PBXGroup;
			children = (
				DAC6A283205E3A6F00B6D95E /* DateFormatter+extension.swift */,
				DAF0B30E203DC3A30061000F /* UIView+extension.swift */,
				DAF0B310203DC3EC0061000F /* UIColor+extension.swift */,
				DAA29EC4203E92E600308D9D /* UIButton+extension.swift */,
				DAA29EC9203EA93700308D9D /* UIViewController+extension.swift */,
				DA393357203EC1380079750C /* UITextField+extension.swift */,
				DA58AB63204E8F590038A13E /* Strings+extension.swift */,
				DA5C025F205158E3003223BD /* UIStoryboard+Extension.swift */,
				DACD7F9A2059317F00464A61 /* UIGestureRecognizer+LinkLabel.swift */,
				DA81A7F1205BB8250042CD2F /* UIImage+Innova.swift */,
			);
			path = Helpers;
			sourceTree = "<group>";
		};
/* End PBXGroup section */

/* Begin PBXNativeTarget section */
		DAF0B2F6203DB5D30061000F /* innocoin */ = {
			isa = PBXNativeTarget;
			buildConfigurationList = DAF0B309203DB5D30061000F /* Build configuration list for PBXNativeTarget "innocoin" */;
			buildPhases = (
				DAF0B2F3203DB5D30061000F /* Sources */,
				DAF0B2F4203DB5D30061000F /* Frameworks */,
				DAF0B2F5203DB5D30061000F /* Resources */,
			);
			buildRules = (
			);
			dependencies = (
			);
			name = innocoin;
			productName = innocoin;
			productReference = DAF0B2F7203DB5D30061000F /* innocoin.app */;
			productType = "com.apple.product-type.application";
		};
/* End PBXNativeTarget section */

/* Begin PBXProject section */
		DAF0B2EF203DB5D30061000F /* Project object */ = {
			isa = PBXProject;
			attributes = {
				LastSwiftUpdateCheck = 0920;
				LastUpgradeCheck = 0920;
				ORGANIZATIONNAME = "DTech Labs";
				TargetAttributes = {
					DAF0B2F6203DB5D30061000F = {
						CreatedOnToolsVersion = 9.2;
						ProvisioningStyle = Automatic;
					};
				};
			};
			buildConfigurationList = DAF0B2F2203DB5D30061000F /* Build configuration list for PBXProject "innocoin" */;
			compatibilityVersion = "Xcode 8.0";
			developmentRegion = en;
			hasScannedForEncodings = 0;
			knownRegions = (
				en,
				Base,
			);
			mainGroup = DAF0B2EE203DB5D30061000F;
			productRefGroup = DAF0B2F8203DB5D30061000F /* Products */;
			projectDirPath = "";
			projectRoot = "";
			targets = (
				DAF0B2F6203DB5D30061000F /* innocoin */,
			);
		};
/* End PBXProject section */

/* Begin PBXResourcesBuildPhase section */
		DAF0B2F5203DB5D30061000F /* Resources */ = {
			isa = PBXResourcesBuildPhase;
			buildActionMask = 2147483647;
			files = (
				DA393351203EBD9F0079750C /* Montserrat-ExtraBold.otf in Resources */,
				DAF0B305203DB5D30061000F /* LaunchScreen.storyboard in Resources */,
				DAF0B302203DB5D30061000F /* Assets.xcassets in Resources */,
				DA22D9FB2053DC6800702B3C /* ResetPincodeViewController.xib in Resources */,
				DA393353203EBD9F0079750C /* Montserrat-Regular.otf in Resources */,
				DA393350203EBD9F0079750C /* Montserrat-UltraLight.otf in Resources */,
				DAF0B300203DB5D30061000F /* Main.storyboard in Resources */,
				DA39334E203EBD9F0079750C /* Montserrat-Hairline.otf in Resources */,
				DA393354203EBD9F0079750C /* Montserrat-SemiBold.otf in Resources */,
				DA39334F203EBD9F0079750C /* Montserrat-Black.otf in Resources */,
				DA39334D203EBD9F0079750C /* Montserrat-Light.otf in Resources */,
				DA393352203EBD9F0079750C /* Montserrat-Bold.otf in Resources */,
			);
			runOnlyForDeploymentPostprocessing = 0;
		};
/* End PBXResourcesBuildPhase section */

/* Begin PBXSourcesBuildPhase section */
		DAF0B2F3203DB5D30061000F /* Sources */ = {
			isa = PBXSourcesBuildPhase;
			buildActionMask = 2147483647;
			files = (
				DAF7E66E2052758200D96511 /* ContactTableViewCell.swift in Sources */,
				DA39335A203ED27E0079750C /* SignUpViewController.swift in Sources */,
				DABBF7B9204692CC0053C09D /* SignUpUser.swift in Sources */,
				DAB40FEE2049B117001FC147 /* AddressbookEmptyViewController.swift in Sources */,
				DA119BF4205D43E1009DBBBF /* TransactionDetailsViewController.swift in Sources */,
				DAC8ECC92056776400B9AF76 /* MessageResult.swift in Sources */,
				DA684DE32063B46A004320D4 /* PendingTransactionResponse.swift in Sources */,
				DABBF7BF2046BE660053C09D /* UserProfile.swift in Sources */,
				DA9BF9AE205D1C7E008760DC /* RESTController+Wallet.swift in Sources */,
				DA7BEB712061249A007EF611 /* CurrencyTextField.swift in Sources */,
				DABD9F5B20403FA800494BC1 /* QuestionsTableViewController.swift in Sources */,
				DA9BF9B2205D1F21008760DC /* DataManager+Transactions.swift in Sources */,
				DA684DE120637DEB004320D4 /* TransactionType.swift in Sources */,
				DA98F76120512D5B00FBA8A9 /* DataManager.swift in Sources */,
				DA04294C2042C83000642843 /* SendViewController.swift in Sources */,
				DABBF7C32046C9CA0053C09D /* SignInResult.swift in Sources */,
				DA58AB62204E7B8E0038A13E /* QRScannerViewController.swift in Sources */,
				DA5DE66F2044AB0800E8951E /* ServerResponse.swift in Sources */,
				DA98F75F20512BF300FBA8A9 /* innova.xcdatamodeld in Sources */,
				DADE300D20528AA500F30976 /* ChangePasswordControllerType.swift in Sources */,
				DA9BF9B5205D2740008760DC /* TransactionTableViewCell.swift in Sources */,
				DA393342203EB8D90079750C /* EmailTextField.swift in Sources */,
				DA22D9FA2053DC6800702B3C /* ResetPincodeViewController.swift in Sources */,
				DA58AB5F204E77ED0038A13E /* EditContactViewController.swift in Sources */,
				DA5DE6682044A2CC00E8951E /* EmptyTransactionViewController.swift in Sources */,
				DA58AB64204E8F590038A13E /* Strings+extension.swift in Sources */,
				DA2A50142044682F0091723F /* TransactionsController.swift in Sources */,
				DA0429522042E91600642843 /* ReceiveViewController.swift in Sources */,
				DA0429502042E81400642843 /* TransactionTableViewController.swift in Sources */,
				DA7BEB6D2060EC36007EF611 /* USDCoin.swift in Sources */,
				DA7BEB6F2060F7F2007EF611 /* MarketPriceController+Conversion.swift in Sources */,
				DA5DE66B2044A7EF00E8951E /* RestApi.swift in Sources */,
				DAC6A284205E3A6F00B6D95E /* DateFormatter+extension.swift in Sources */,
				DA5DE6712044B3AA00E8951E /* QuestionsList.swift in Sources */,
				DA81A7F2205BB8250042CD2F /* UIImage+Innova.swift in Sources */,
				DAF0B30F203DC3A30061000F /* UIView+extension.swift in Sources */,
				DA4C3A9020453D75007BFC3A /* SignupViewController+PincodeViewController.swift in Sources */,
				DAD7A5202046FF26007DE09C /* SettingsTableViewController.swift in Sources */,
				DA5C0265205171BE003223BD /* PreviewContactViewController.swift in Sources */,
				DAC6A290205E8CF800B6D95E /* InnovaResponseError.swift in Sources */,
				DA39335F203EFE620079750C /* LoginController.swift in Sources */,
				DA1663F42045498B005AACED /* SignUpViewcontroller+QuestionTableView.swift in Sources */,
				DA39335C203ED7BA0079750C /* ResetPasswordViewController.swift in Sources */,
				DA3F7F262064046800097B60 /* TokenData.swift in Sources */,
				DABBF7C12046C3B20053C09D /* UserController.swift in Sources */,
				DA04294E2042E7E300642843 /* OverviewViewController.swift in Sources */,
				DAC8ECCB205698CB00B9AF76 /* EditContactViewControllerType.swift in Sources */,
				DA7BEB7320612FE0007EF611 /* TransactionStatus.swift in Sources */,
				DA5DE66D2044AA2900E8951E /* RESTController.swift in Sources */,
				DA393356203EC1080079750C /* PasswordTextField.swift in Sources */,
				DABB8E81205D036800619003 /* InnovaCoin.swift in Sources */,
				DABBF7BB204694260053C09D /* AccountStatus.swift in Sources */,
				DAF0B2FB203DB5D30061000F /* InnocoinApp.swift in Sources */,
				DAA29ECA203EA93700308D9D /* UIViewController+extension.swift in Sources */,
				DABBF7BD2046BDF80053C09D /* SignUpResult.swift in Sources */,
				DACD7F9B2059317F00464A61 /* UIGestureRecognizer+LinkLabel.swift in Sources */,
				DA393361203F0F4C0079750C /* ResetPasswordFinishViewController.swift in Sources */,
				DA29A3562042A354002F7BB0 /* MainTabBarController.swift in Sources */,
				DA29A3592042BB47002F7BB0 /* MenuTableViewController.swift in Sources */,
				DA56D764205C24CB0004E7F6 /* UnixTimeInterval.swift in Sources */,
				DA5DE6732044C58000E8951E /* NumberButton.swift in Sources */,
				DA56D760205C1E9A0004E7F6 /* InnovaTransaction.swift in Sources */,
				DAE56FB92058030C00EDBB49 /* InnovaPriceResponse.swift in Sources */,
				DAF7E67020527F7D00D96511 /* ChangePasswordViewController.swift in Sources */,
				DA5C025720514B69003223BD /* DataManager+Contact.swift in Sources */,
				DA81A7F0205BB3EA0042CD2F /* InnovaConstants.swift in Sources */,
				DA906D9120654A1400667863 /* PinCodeViewControllerDelegate.swift in Sources */,
				DA9BF9B0205D1E31008760DC /* InnovaTransactionsResponse.swift in Sources */,
				DA393358203EC1380079750C /* UITextField+extension.swift in Sources */,
				DA5DE6752044C8A500E8951E /* PincodeViewController.swift in Sources */,
				DA5C0259205156D2003223BD /* RouterViewControllers.swift in Sources */,
				DABB8E7F205CFD0500619003 /* CryptoCurrency.swift in Sources */,
				DAC6A292205E984B00B6D95E /* InnovaWalletRestAPI.swift in Sources */,
				DA5C026320515D53003223BD /* ContactsTableViewController.swift in Sources */,
				DAF0B311203DC3EC0061000F /* UIColor+extension.swift in Sources */,
				DA5C0260205158E3003223BD /* UIStoryboard+Extension.swift in Sources */,
				DAA29EC8203EA79C00308D9D /* SignInViewController.swift in Sources */,
				DAA29EC5203E92E600308D9D /* UIButton+extension.swift in Sources */,
				DAC6A286205E40D000B6D95E /* MarketPriceController.swift in Sources */,
				DA9BF9A8205D130F008760DC /* Transaction+extension.swift in Sources */,
				DADA09F02047E68A00A9A86A /* AlertViewController.swift in Sources */,
				DAC6A28D205E8C9800B6D95E /* InnovaWalletResponse.swift in Sources */,
				DABB8E86205D0D7700619003 /* Bitcoin.swift in Sources */,
				DA39333F203EB3C90079750C /* LoginNavigationController.swift in Sources */,
				DAB40FEC20498881001FC147 /* VerifyTokenViewController.swift in Sources */,
				DA56D762205C22C40004E7F6 /* Reachability.swift in Sources */,
				DABB8E83205D0ADA00619003 /* RestApiProtocol.swift in Sources */,
				DADE300F20528FD700F30976 /* ChangePasswordViewController+Pincode.swift in Sources */,
			);
			runOnlyForDeploymentPostprocessing = 0;
		};
/* End PBXSourcesBuildPhase section */

/* Begin PBXVariantGroup section */
		DAF0B2FE203DB5D30061000F /* Main.storyboard */ = {
			isa = PBXVariantGroup;
			children = (
				DAF0B2FF203DB5D30061000F /* Base */,
			);
			name = Main.storyboard;
			sourceTree = "<group>";
		};
		DAF0B303203DB5D30061000F /* LaunchScreen.storyboard */ = {
			isa = PBXVariantGroup;
			children = (
				DAF0B304203DB5D30061000F /* Base */,
			);
			name = LaunchScreen.storyboard;
			sourceTree = "<group>";
		};
/* End PBXVariantGroup section */

/* Begin XCBuildConfiguration section */
		DAF0B307203DB5D30061000F /* Debug */ = {
			isa = XCBuildConfiguration;
			buildSettings = {
				ALWAYS_SEARCH_USER_PATHS = NO;
				CLANG_ANALYZER_NONNULL = YES;
				CLANG_ANALYZER_NUMBER_OBJECT_CONVERSION = YES_AGGRESSIVE;
				CLANG_CXX_LANGUAGE_STANDARD = "gnu++14";
				CLANG_CXX_LIBRARY = "libc++";
				CLANG_ENABLE_MODULES = YES;
				CLANG_ENABLE_OBJC_ARC = YES;
				CLANG_WARN_BLOCK_CAPTURE_AUTORELEASING = YES;
				CLANG_WARN_BOOL_CONVERSION = YES;
				CLANG_WARN_COMMA = YES;
				CLANG_WARN_CONSTANT_CONVERSION = YES;
				CLANG_WARN_DIRECT_OBJC_ISA_USAGE = YES_ERROR;
				CLANG_WARN_DOCUMENTATION_COMMENTS = YES;
				CLANG_WARN_EMPTY_BODY = YES;
				CLANG_WARN_ENUM_CONVERSION = YES;
				CLANG_WARN_INFINITE_RECURSION = YES;
				CLANG_WARN_INT_CONVERSION = YES;
				CLANG_WARN_NON_LITERAL_NULL_CONVERSION = YES;
				CLANG_WARN_OBJC_LITERAL_CONVERSION = YES;
				CLANG_WARN_OBJC_ROOT_CLASS = YES_ERROR;
				CLANG_WARN_RANGE_LOOP_ANALYSIS = YES;
				CLANG_WARN_STRICT_PROTOTYPES = YES;
				CLANG_WARN_SUSPICIOUS_MOVE = YES;
				CLANG_WARN_UNGUARDED_AVAILABILITY = YES_AGGRESSIVE;
				CLANG_WARN_UNREACHABLE_CODE = YES;
				CLANG_WARN__DUPLICATE_METHOD_MATCH = YES;
				CODE_SIGN_IDENTITY = "iPhone Developer";
				COPY_PHASE_STRIP = NO;
				DEBUG_INFORMATION_FORMAT = dwarf;
				ENABLE_STRICT_OBJC_MSGSEND = YES;
				ENABLE_TESTABILITY = YES;
				GCC_C_LANGUAGE_STANDARD = gnu11;
				GCC_DYNAMIC_NO_PIC = NO;
				GCC_NO_COMMON_BLOCKS = YES;
				GCC_OPTIMIZATION_LEVEL = 0;
				GCC_PREPROCESSOR_DEFINITIONS = (
					"DEBUG=1",
					"$(inherited)",
				);
				GCC_WARN_64_TO_32_BIT_CONVERSION = YES;
				GCC_WARN_ABOUT_RETURN_TYPE = YES_ERROR;
				GCC_WARN_UNDECLARED_SELECTOR = YES;
				GCC_WARN_UNINITIALIZED_AUTOS = YES_AGGRESSIVE;
				GCC_WARN_UNUSED_FUNCTION = YES;
				GCC_WARN_UNUSED_VARIABLE = YES;
				IPHONEOS_DEPLOYMENT_TARGET = 11.2;
				MTL_ENABLE_DEBUG_INFO = YES;
				ONLY_ACTIVE_ARCH = YES;
				SDKROOT = iphoneos;
				SWIFT_ACTIVE_COMPILATION_CONDITIONS = DEBUG;
				SWIFT_OPTIMIZATION_LEVEL = "-Onone";
			};
			name = Debug;
		};
		DAF0B308203DB5D30061000F /* Release */ = {
			isa = XCBuildConfiguration;
			buildSettings = {
				ALWAYS_SEARCH_USER_PATHS = NO;
				CLANG_ANALYZER_NONNULL = YES;
				CLANG_ANALYZER_NUMBER_OBJECT_CONVERSION = YES_AGGRESSIVE;
				CLANG_CXX_LANGUAGE_STANDARD = "gnu++14";
				CLANG_CXX_LIBRARY = "libc++";
				CLANG_ENABLE_MODULES = YES;
				CLANG_ENABLE_OBJC_ARC = YES;
				CLANG_WARN_BLOCK_CAPTURE_AUTORELEASING = YES;
				CLANG_WARN_BOOL_CONVERSION = YES;
				CLANG_WARN_COMMA = YES;
				CLANG_WARN_CONSTANT_CONVERSION = YES;
				CLANG_WARN_DIRECT_OBJC_ISA_USAGE = YES_ERROR;
				CLANG_WARN_DOCUMENTATION_COMMENTS = YES;
				CLANG_WARN_EMPTY_BODY = YES;
				CLANG_WARN_ENUM_CONVERSION = YES;
				CLANG_WARN_INFINITE_RECURSION = YES;
				CLANG_WARN_INT_CONVERSION = YES;
				CLANG_WARN_NON_LITERAL_NULL_CONVERSION = YES;
				CLANG_WARN_OBJC_LITERAL_CONVERSION = YES;
				CLANG_WARN_OBJC_ROOT_CLASS = YES_ERROR;
				CLANG_WARN_RANGE_LOOP_ANALYSIS = YES;
				CLANG_WARN_STRICT_PROTOTYPES = YES;
				CLANG_WARN_SUSPICIOUS_MOVE = YES;
				CLANG_WARN_UNGUARDED_AVAILABILITY = YES_AGGRESSIVE;
				CLANG_WARN_UNREACHABLE_CODE = YES;
				CLANG_WARN__DUPLICATE_METHOD_MATCH = YES;
				CODE_SIGN_IDENTITY = "iPhone Developer";
				COPY_PHASE_STRIP = NO;
				DEBUG_INFORMATION_FORMAT = "dwarf-with-dsym";
				ENABLE_NS_ASSERTIONS = NO;
				ENABLE_STRICT_OBJC_MSGSEND = YES;
				GCC_C_LANGUAGE_STANDARD = gnu11;
				GCC_NO_COMMON_BLOCKS = YES;
				GCC_WARN_64_TO_32_BIT_CONVERSION = YES;
				GCC_WARN_ABOUT_RETURN_TYPE = YES_ERROR;
				GCC_WARN_UNDECLARED_SELECTOR = YES;
				GCC_WARN_UNINITIALIZED_AUTOS = YES_AGGRESSIVE;
				GCC_WARN_UNUSED_FUNCTION = YES;
				GCC_WARN_UNUSED_VARIABLE = YES;
				IPHONEOS_DEPLOYMENT_TARGET = 11.2;
				MTL_ENABLE_DEBUG_INFO = NO;
				SDKROOT = iphoneos;
				SWIFT_OPTIMIZATION_LEVEL = "-Owholemodule";
				VALIDATE_PRODUCT = YES;
			};
			name = Release;
		};
		DAF0B30A203DB5D30061000F /* Debug */ = {
			isa = XCBuildConfiguration;
			buildSettings = {
				ASSETCATALOG_COMPILER_APPICON_NAME = AppIcon;
				CODE_SIGN_STYLE = Automatic;
				DEVELOPMENT_TEAM = 99H4B4S3XZ;
				INFOPLIST_FILE = "$(SRCROOT)/innocoin/Support/Info.plist";
				IPHONEOS_DEPLOYMENT_TARGET = 11.2;
				LD_RUNPATH_SEARCH_PATHS = "$(inherited) @executable_path/Frameworks";
				OTHER_SWIFT_FLAGS = "-D DEBUG";
				PRODUCT_BUNDLE_IDENTIFIER = com.innocoin.wallet;
				PRODUCT_NAME = "$(TARGET_NAME)";
				SWIFT_VERSION = 4.0;
				TARGETED_DEVICE_FAMILY = 1;
			};
			name = Debug;
		};
		DAF0B30B203DB5D30061000F /* Release */ = {
			isa = XCBuildConfiguration;
			buildSettings = {
				ASSETCATALOG_COMPILER_APPICON_NAME = AppIcon;
				CODE_SIGN_STYLE = Automatic;
				DEVELOPMENT_TEAM = 99H4B4S3XZ;
				INFOPLIST_FILE = "$(SRCROOT)/innocoin/Support/Info.plist";
				IPHONEOS_DEPLOYMENT_TARGET = 11.2;
				LD_RUNPATH_SEARCH_PATHS = "$(inherited) @executable_path/Frameworks";
				OTHER_SWIFT_FLAGS = "";
				PRODUCT_BUNDLE_IDENTIFIER = com.innocoin.wallet;
				PRODUCT_NAME = "$(TARGET_NAME)";
				SWIFT_VERSION = 4.0;
				TARGETED_DEVICE_FAMILY = 1;
			};
			name = Release;
		};
/* End XCBuildConfiguration section */

/* Begin XCConfigurationList section */
		DAF0B2F2203DB5D30061000F /* Build configuration list for PBXProject "innocoin" */ = {
			isa = XCConfigurationList;
			buildConfigurations = (
				DAF0B307203DB5D30061000F /* Debug */,
				DAF0B308203DB5D30061000F /* Release */,
			);
			defaultConfigurationIsVisible = 0;
			defaultConfigurationName = Release;
		};
		DAF0B309203DB5D30061000F /* Build configuration list for PBXNativeTarget "innocoin" */ = {
			isa = XCConfigurationList;
			buildConfigurations = (
				DAF0B30A203DB5D30061000F /* Debug */,
				DAF0B30B203DB5D30061000F /* Release */,
			);
			defaultConfigurationIsVisible = 0;
			defaultConfigurationName = Release;
		};
/* End XCConfigurationList section */

/* Begin XCVersionGroup section */
		DA98F75D20512BF300FBA8A9 /* innova.xcdatamodeld */ = {
			isa = XCVersionGroup;
			children = (
				DA98F75E20512BF300FBA8A9 /* innova.xcdatamodel */,
			);
			currentVersion = DA98F75E20512BF300FBA8A9 /* innova.xcdatamodel */;
			path = innova.xcdatamodeld;
			sourceTree = "<group>";
			versionGroupType = wrapper.xcdatamodel;
		};
/* End XCVersionGroup section */
	};
	rootObject = DAF0B2EF203DB5D30061000F /* Project object */;
}
